# This file was autogenerated by Stack.
# You should not edit this file by hand.
# For more information, please see the documentation at:
#   https://docs.haskellstack.org/en/stable/lock_files

packages:
- completed:
    hackage: freetype2-0.1.0@sha256:b4d876367c756642877f91bfa2c5405757ca132053e2876b367a156f1f402f2a,10906
    pantry-tree:
      size: 26035
      sha256: 1fdbf4acd4380f94e38e80c145c91068620bfee966fe4f72dfc62d8cb8c0cbce
  original:
    hackage: freetype2-0.1.0
snapshots:
- completed:
    size: 714105
    url: https://raw.githubusercontent.com/commercialhaskell/stackage-snapshots/master/lts/22/9.yaml
    sha256: ad2884d5d84ed4ea576897103606212da3be693eef30591efe2d8d2965895500
  original:
    url: https://raw.githubusercontent.com/commercialhaskell/stackage-snapshots/master/lts/22/9.yaml
